PODS:
  - AeroGearHttp (0.3.0)
  - AeroGearOAuth2 (0.3.0):
    - AeroGearHttp
  - AFHorizontalDayPicker (0.2.0):
    - MTDates (= 1.0.0)
  - HanekeSwift (0.9.1)
  - MTDates (1.0.0)
  - Realm (0.95.0):
    - Realm/Headers (= 0.95.0)
  - Realm/Headers (0.95.0)
  - RealmSwift (0.95.0):
    - Realm (= 0.95.0)
  - SwiftSpinner (0.8.0)
  - SwiftyJSON (2.2.1)
  - SWRevealViewController (2.3.0)
  - Typhoon (3.3.2):
    - Typhoon/no-arc (= 3.3.2)
  - Typhoon/no-arc (3.3.2)

DEPENDENCIES:
  - AeroGearHttp (from `https://github.com/aerogear/aerogear-ios-http.git`, branch
    `swift-2.0`)
  - AeroGearOAuth2 (from `https://github.com/claudioredi/aerogear-ios-oauth2.git`,
    branch `openstack`)
  - AFHorizontalDayPicker (from `https://github.com/alexfedosov/AFHorizontalDayPicker.git`)
  - HanekeSwift (from `https://github.com/meteochu/HanekeSwift.git`, branch `swift-2.0`)
  - Realm (from `https://github.com/realm/realm-cocoa.git`, branch `swift-2.0`)
  - RealmSwift (from `https://github.com/realm/realm-cocoa.git`, branch `swift-2.0`)
  - SwiftSpinner
  - SwiftyJSON (from `https://github.com/SwiftyJSON/SwiftyJSON.git`, branch `xcode7`)
  - SWRevealViewController
  - Typhoon

EXTERNAL SOURCES:
  AeroGearHttp:
    :branch: swift-2.0
    :git: https://github.com/aerogear/aerogear-ios-http.git
  AeroGearOAuth2:
    :branch: openstack
    :git: https://github.com/claudioredi/aerogear-ios-oauth2.git
  AFHorizontalDayPicker:
    :git: https://github.com/alexfedosov/AFHorizontalDayPicker.git
  HanekeSwift:
    :branch: swift-2.0
    :git: https://github.com/meteochu/HanekeSwift.git
  Realm:
    :branch: swift-2.0
    :git: https://github.com/realm/realm-cocoa.git
  RealmSwift:
    :branch: swift-2.0
    :git: https://github.com/realm/realm-cocoa.git
  SwiftyJSON:
    :branch: xcode7
    :git: https://github.com/SwiftyJSON/SwiftyJSON.git

CHECKOUT OPTIONS:
  AeroGearHttp:
    :commit: 2ce2aadd32dc5855860cdb0fd27e45ffc7a4e101
    :git: https://github.com/aerogear/aerogear-ios-http.git
  AeroGearOAuth2:
    :commit: 9fdcc420e6ef559a965a838193a368c03d2fdb67
    :git: https://github.com/claudioredi/aerogear-ios-oauth2.git
  AFHorizontalDayPicker:
    :commit: 56779f3fa763e7ba3e830c051f39e5238b4ac243
    :git: https://github.com/alexfedosov/AFHorizontalDayPicker.git
  HanekeSwift:
    :commit: f87220fccba7810955fe5392ebd492a5c9baf050
    :git: https://github.com/meteochu/HanekeSwift.git
  Realm:
    :commit: 8e21055aa54412a69c4ff73b8a808b7893101b12
    :git: https://github.com/realm/realm-cocoa.git
  RealmSwift:
    :commit: 8e21055aa54412a69c4ff73b8a808b7893101b12
    :git: https://github.com/realm/realm-cocoa.git
  SwiftyJSON:
    :commit: 6eb4cda062fa09c4658e4184f92d822058f226e3
    :git: https://github.com/SwiftyJSON/SwiftyJSON.git

SPEC CHECKSUMS:
  AeroGearHttp: ae536f81e52f808101edacf34a161dea99cb72e3
  AeroGearOAuth2: 14567284fdd476e1d11056dc3ab10cd1d9ad4804
  AFHorizontalDayPicker: 289d3f6dbb10accd2eeef3d08b452ce811a747cf
  HanekeSwift: 50d37bfbc4432edc649167e538c259feccb4a2bb
  MTDates: 1dbf92ecda49c0fc42bfd692bda3c471069b57ba
  Realm: 1c28007bd496af94dba8c76d50719164e706a521
  RealmSwift: 9864524dd99c2cb7b4643c29513ef8447fe63724
  SwiftSpinner: 11c2c5ec7443d92f3026d3067ca8a91d4adef13f
  SwiftyJSON: ae2d0a3d68025d136602a33c4ee215091ced3e33
  SWRevealViewController: 6d3fd97f70112fd7cef9de14df4260eacce4c63a
  Typhoon: d0f4b40120b7011ac41748c3ca141cb12aac3737

COCOAPODS: 0.38.2
